
Microsoft Visual Studio Solution File, Format Version 12.00
# Visual Studio 14
VisualStudioVersion = 14.0.25420.1
MinimumVisualStudioVersion = 10.0.40219.1
Project("{2150E333-8FDC-42A3-9474-1A3956D46DE8}") = "Tests", "Tests", "{113AD60D-22FD-412C-867C-6D92CAE27701}"
EndProject
Project("{8BC9CEB8-8B4A-11D0-8D11-00A0C91BC942}") = "EdgeTest", "..\Tests\EdgeTest\vs2015\EdgeTest.vcxproj", "{C7BB6563-9EED-4D46-B99F-4D4B89AF4D97}"
EndProject
Project("{8BC9CEB8-8B4A-11D0-8D11-00A0C91BC942}") = "CompactImageTest", "..\Tests\CompactImageTest\vs2015\CompactImageTest.vcxproj", "{5860D4F9-2F64-4165-8A0D-135F0391C0BE}"
EndProject
Project("{8BC9CEB8-8B4A-11D0-8D11-00A0C91BC942}") = "WarpScanTest", "..\Tests\WarpScanTest\vs2015\WarpScanTest.vcxproj", "{0F9AF116-156E-4B54-AA1F-160D6B6C8488}"
EndProject
Project("{8BC9CEB8-8B4A-11D0-8D11-00A0C91BC942}") = "WarpReduceTest", "..\Tests\WarpReduceTest\vs2015\WarpReduceTest.vcxproj", "{489E836F-8847-41F1-BDE5-2A30A4D70E1E}"
EndProject
Project("{8BC9CEB8-8B4A-11D0-8D11-00A0C91BC942}") = "OclHelper", "..\OclHelper\vs2015\OclHelper.vcxproj", "{7761EAC9-C421-462B-8287-B92019AFB46A}"
EndProject
Project("{8BC9CEB8-8B4A-11D0-8D11-00A0C91BC942}") = "OclPainter", "..\OclPainter\vs2015\OclPainter.vcxproj", "{57EC957D-27BB-4582-88F6-1EAEAD0F401C}"
EndProject
Project("{8BC9CEB8-8B4A-11D0-8D11-00A0C91BC942}") = "OglShaders", "..\OglShaders\vs2015\OglShaders.vcxproj", "{AC0D3B91-13EC-4E97-B94F-F0E4AE010185}"
EndProject
Project("{8BC9CEB8-8B4A-11D0-8D11-00A0C91BC942}") = "OglHelper", "..\OglHelper\vs2015\OglHelper.vcxproj", "{FB46B4C1-ABE8-48A2-9C4E-CC4F96B240EA}"
EndProject
Project("{8BC9CEB8-8B4A-11D0-8D11-00A0C91BC942}") = "OglCanny", "..\OglCanny\vs2015\OglCanny.vcxproj", "{677E5B62-37F2-4B01-97C2-246F7410500A}"
EndProject
Project("{8BC9CEB8-8B4A-11D0-8D11-00A0C91BC942}") = "OglOptFlow", "..\OglOptFlow\vs2015\OglOptFlow.vcxproj", "{C564130F-0F74-45A6-93EB-AFF239A6984D}"
EndProject
Project("{2150E333-8FDC-42A3-9474-1A3956D46DE8}") = "Examples", "Examples", "{C6CC78A5-0777-474A-8272-0F5E2DD71E85}"
EndProject
Project("{2150E333-8FDC-42A3-9474-1A3956D46DE8}") = "Camera", "Camera", "{0FA4CD54-330F-4723-BD18-7C688388EED0}"
EndProject
Project("{2150E333-8FDC-42A3-9474-1A3956D46DE8}") = "Yuv", "Yuv", "{0708BA84-D648-4ACF-A9C2-E1E9D2E983B6}"
EndProject
Project("{8BC9CEB8-8B4A-11D0-8D11-00A0C91BC942}") = "HarrisCorner", "..\Examples\Camera\HarrisCorner\vs2015\HarrisCorner.vcxproj", "{BBD4CFAB-FD26-4FDA-8328-A3638F8A7262}"
EndProject
Project("{8BC9CEB8-8B4A-11D0-8D11-00A0C91BC942}") = "EdgeDectectOcl", "..\Examples\Yuv\EdgeDetectOcl\vs2015\EdgeDectectOcl.vcxproj", "{D03A7658-21DF-4503-AEF0-A34F68448271}"
EndProject
Project("{8BC9CEB8-8B4A-11D0-8D11-00A0C91BC942}") = "OpticalFlow", "..\Examples\Camera\OpticalFlow\vs2015\OpticalFlow.vcxproj", "{6E353118-F3EF-4F62-B383-A87EF02A426C}"
EndProject
Project("{8BC9CEB8-8B4A-11D0-8D11-00A0C91BC942}") = "HistogramRGB", "..\Examples\Yuv\HistogramRGB\vs2015\HistogramRGB.vcxproj", "{B76322A5-408F-4DD3-B3A9-4473394A8DA1}"
EndProject
Project("{8BC9CEB8-8B4A-11D0-8D11-00A0C91BC942}") = "HistogramRGB", "..\Examples\Camera\HistogramRGB\vs2015\HistogramRGB.vcxproj", "{C87DB996-26AC-44FF-AB74-B17682393B28}"
EndProject
Global
	GlobalSection(SolutionConfigurationPlatforms) = preSolution
		Debug|x64 = Debug|x64
		Release|x64 = Release|x64
	EndGlobalSection
	GlobalSection(ProjectConfigurationPlatforms) = postSolution
		{C7BB6563-9EED-4D46-B99F-4D4B89AF4D97}.Debug|x64.ActiveCfg = Debug|x64
		{C7BB6563-9EED-4D46-B99F-4D4B89AF4D97}.Debug|x64.Build.0 = Debug|x64
		{C7BB6563-9EED-4D46-B99F-4D4B89AF4D97}.Release|x64.ActiveCfg = Release|x64
		{C7BB6563-9EED-4D46-B99F-4D4B89AF4D97}.Release|x64.Build.0 = Release|x64
		{5860D4F9-2F64-4165-8A0D-135F0391C0BE}.Debug|x64.ActiveCfg = Debug|x64
		{5860D4F9-2F64-4165-8A0D-135F0391C0BE}.Debug|x64.Build.0 = Debug|x64
		{5860D4F9-2F64-4165-8A0D-135F0391C0BE}.Release|x64.ActiveCfg = Release|x64
		{5860D4F9-2F64-4165-8A0D-135F0391C0BE}.Release|x64.Build.0 = Release|x64
		{0F9AF116-156E-4B54-AA1F-160D6B6C8488}.Debug|x64.ActiveCfg = Debug|x64
		{0F9AF116-156E-4B54-AA1F-160D6B6C8488}.Debug|x64.Build.0 = Debug|x64
		{0F9AF116-156E-4B54-AA1F-160D6B6C8488}.Release|x64.ActiveCfg = Release|x64
		{0F9AF116-156E-4B54-AA1F-160D6B6C8488}.Release|x64.Build.0 = Release|x64
		{489E836F-8847-41F1-BDE5-2A30A4D70E1E}.Debug|x64.ActiveCfg = Debug|x64
		{489E836F-8847-41F1-BDE5-2A30A4D70E1E}.Debug|x64.Build.0 = Debug|x64
		{489E836F-8847-41F1-BDE5-2A30A4D70E1E}.Release|x64.ActiveCfg = Release|x64
		{489E836F-8847-41F1-BDE5-2A30A4D70E1E}.Release|x64.Build.0 = Release|x64
		{7761EAC9-C421-462B-8287-B92019AFB46A}.Debug|x64.ActiveCfg = Debug|x64
		{7761EAC9-C421-462B-8287-B92019AFB46A}.Debug|x64.Build.0 = Debug|x64
		{7761EAC9-C421-462B-8287-B92019AFB46A}.Release|x64.ActiveCfg = Release|x64
		{7761EAC9-C421-462B-8287-B92019AFB46A}.Release|x64.Build.0 = Release|x64
		{57EC957D-27BB-4582-88F6-1EAEAD0F401C}.Debug|x64.ActiveCfg = Debug|x64
		{57EC957D-27BB-4582-88F6-1EAEAD0F401C}.Debug|x64.Build.0 = Debug|x64
		{57EC957D-27BB-4582-88F6-1EAEAD0F401C}.Release|x64.ActiveCfg = Release|x64
		{57EC957D-27BB-4582-88F6-1EAEAD0F401C}.Release|x64.Build.0 = Release|x64
		{AC0D3B91-13EC-4E97-B94F-F0E4AE010185}.Debug|x64.ActiveCfg = Debug|x64
		{AC0D3B91-13EC-4E97-B94F-F0E4AE010185}.Debug|x64.Build.0 = Debug|x64
		{AC0D3B91-13EC-4E97-B94F-F0E4AE010185}.Release|x64.ActiveCfg = Release|x64
		{AC0D3B91-13EC-4E97-B94F-F0E4AE010185}.Release|x64.Build.0 = Release|x64
		{FB46B4C1-ABE8-48A2-9C4E-CC4F96B240EA}.Debug|x64.ActiveCfg = Debug|x64
		{FB46B4C1-ABE8-48A2-9C4E-CC4F96B240EA}.Debug|x64.Build.0 = Debug|x64
		{FB46B4C1-ABE8-48A2-9C4E-CC4F96B240EA}.Release|x64.ActiveCfg = Release|x64
		{FB46B4C1-ABE8-48A2-9C4E-CC4F96B240EA}.Release|x64.Build.0 = Release|x64
		{677E5B62-37F2-4B01-97C2-246F7410500A}.Debug|x64.ActiveCfg = Debug|x64
		{677E5B62-37F2-4B01-97C2-246F7410500A}.Debug|x64.Build.0 = Debug|x64
		{677E5B62-37F2-4B01-97C2-246F7410500A}.Release|x64.ActiveCfg = Release|x64
		{677E5B62-37F2-4B01-97C2-246F7410500A}.Release|x64.Build.0 = Release|x64
		{C564130F-0F74-45A6-93EB-AFF239A6984D}.Debug|x64.ActiveCfg = Debug|x64
		{C564130F-0F74-45A6-93EB-AFF239A6984D}.Debug|x64.Build.0 = Debug|x64
		{C564130F-0F74-45A6-93EB-AFF239A6984D}.Release|x64.ActiveCfg = Release|x64
		{C564130F-0F74-45A6-93EB-AFF239A6984D}.Release|x64.Build.0 = Release|x64
		{BBD4CFAB-FD26-4FDA-8328-A3638F8A7262}.Debug|x64.ActiveCfg = Debug|x64
		{BBD4CFAB-FD26-4FDA-8328-A3638F8A7262}.Debug|x64.Build.0 = Debug|x64
		{BBD4CFAB-FD26-4FDA-8328-A3638F8A7262}.Release|x64.ActiveCfg = Release|x64
		{BBD4CFAB-FD26-4FDA-8328-A3638F8A7262}.Release|x64.Build.0 = Release|x64
		{D03A7658-21DF-4503-AEF0-A34F68448271}.Debug|x64.ActiveCfg = Debug|x64
		{D03A7658-21DF-4503-AEF0-A34F68448271}.Debug|x64.Build.0 = Debug|x64
		{D03A7658-21DF-4503-AEF0-A34F68448271}.Release|x64.ActiveCfg = Release|x64
		{D03A7658-21DF-4503-AEF0-A34F68448271}.Release|x64.Build.0 = Release|x64
		{6E353118-F3EF-4F62-B383-A87EF02A426C}.Debug|x64.ActiveCfg = Debug|x64
		{6E353118-F3EF-4F62-B383-A87EF02A426C}.Debug|x64.Build.0 = Debug|x64
		{6E353118-F3EF-4F62-B383-A87EF02A426C}.Release|x64.ActiveCfg = Release|x64
		{6E353118-F3EF-4F62-B383-A87EF02A426C}.Release|x64.Build.0 = Release|x64
		{B76322A5-408F-4DD3-B3A9-4473394A8DA1}.Debug|x64.ActiveCfg = Debug|x64
		{B76322A5-408F-4DD3-B3A9-4473394A8DA1}.Debug|x64.Build.0 = Debug|x64
		{B76322A5-408F-4DD3-B3A9-4473394A8DA1}.Release|x64.ActiveCfg = Release|x64
		{B76322A5-408F-4DD3-B3A9-4473394A8DA1}.Release|x64.Build.0 = Release|x64
		{C87DB996-26AC-44FF-AB74-B17682393B28}.Debug|x64.ActiveCfg = Debug|x64
		{C87DB996-26AC-44FF-AB74-B17682393B28}.Debug|x64.Build.0 = Debug|x64
		{C87DB996-26AC-44FF-AB74-B17682393B28}.Release|x64.ActiveCfg = Release|x64
		{C87DB996-26AC-44FF-AB74-B17682393B28}.Release|x64.Build.0 = Release|x64
	EndGlobalSection
	GlobalSection(SolutionProperties) = preSolution
		HideSolutionNode = FALSE
	EndGlobalSection
	GlobalSection(NestedProjects) = preSolution
		{C7BB6563-9EED-4D46-B99F-4D4B89AF4D97} = {113AD60D-22FD-412C-867C-6D92CAE27701}
		{5860D4F9-2F64-4165-8A0D-135F0391C0BE} = {113AD60D-22FD-412C-867C-6D92CAE27701}
		{0F9AF116-156E-4B54-AA1F-160D6B6C8488} = {113AD60D-22FD-412C-867C-6D92CAE27701}
		{489E836F-8847-41F1-BDE5-2A30A4D70E1E} = {113AD60D-22FD-412C-867C-6D92CAE27701}
		{0FA4CD54-330F-4723-BD18-7C688388EED0} = {C6CC78A5-0777-474A-8272-0F5E2DD71E85}
		{0708BA84-D648-4ACF-A9C2-E1E9D2E983B6} = {C6CC78A5-0777-474A-8272-0F5E2DD71E85}
		{BBD4CFAB-FD26-4FDA-8328-A3638F8A7262} = {0FA4CD54-330F-4723-BD18-7C688388EED0}
		{D03A7658-21DF-4503-AEF0-A34F68448271} = {0708BA84-D648-4ACF-A9C2-E1E9D2E983B6}
		{6E353118-F3EF-4F62-B383-A87EF02A426C} = {0FA4CD54-330F-4723-BD18-7C688388EED0}
		{B76322A5-408F-4DD3-B3A9-4473394A8DA1} = {0708BA84-D648-4ACF-A9C2-E1E9D2E983B6}
		{C87DB996-26AC-44FF-AB74-B17682393B28} = {0FA4CD54-330F-4723-BD18-7C688388EED0}
	EndGlobalSection
EndGlobal
