<?xml version="1.0" encoding="utf-8"?>
<Project ToolsVersion="4.0" xmlns="http://schemas.microsoft.com/developer/msbuild/2003">
  <ItemGroup>
    <Filter Include="Header Files">
      <UniqueIdentifier>{eb32f243-e47a-4ce8-ad21-16d577f2dfc6}</UniqueIdentifier>
    </Filter>
    <Filter Include="Source Files">
      <UniqueIdentifier>{d23a6d4b-5789-4232-8247-4b0f585ad0cd}</UniqueIdentifier>
    </Filter>
  </ItemGroup>
  <ItemGroup>
    <ClInclude Include="..\source\OglPointPainterPrv.h">
      <Filter>Source Files</Filter>
    </ClInclude>
    <ClInclude Include="..\include\OglPointPainter.h">
      <Filter>Header Files</Filter>
    </ClInclude>
    <ClInclude Include="..\include\OglOptFlowPainter.h">
      <Filter>Header Files</Filter>
    </ClInclude>
    <ClInclude Include="..\source\OglOptFlowPainterPrv.h">
      <Filter>Source Files</Filter>
    </ClInclude>
    <ClInclude Include="..\include\OglHistogramPainter.h">
      <Filter>Header Files</Filter>
    </ClInclude>
    <ClInclude Include="..\source\OglHistogramPainterPrv.h">
      <Filter>Source Files</Filter>
    </ClInclude>
  </ItemGroup>
  <ItemGroup>
    <ClCompile Include="..\source\OglPointPainter.cpp">
      <Filter>Source Files</Filter>
    </ClCompile>
    <ClCompile Include="..\source\OglPointPainterPrv.cpp">
      <Filter>Source Files</Filter>
    </ClCompile>
    <ClCompile Include="..\source\OglOptFlowPainterPrv.cpp">
      <Filter>Source Files</Filter>
    </ClCompile>
    <ClCompile Include="..\source\OglOptFlowPainter.cpp">
      <Filter>Source Files</Filter>
    </ClCompile>
    <ClCompile Include="..\source\OglHistogramPainter.cpp">
      <Filter>Source Files</Filter>
    </ClCompile>
    <ClCompile Include="..\source\OglHistogramPainterPrv.cpp">
      <Filter>Source Files</Filter>
    </ClCompile>
  </ItemGroup>
</Project>